
Microsoft Visual Studio Solution File, Format Version 12.00
# Visual Studio Version 16
VisualStudioVersion = 16.0.30907.101
MinimumVisualStudioVersion = 10.0.40219.1
Project("{FAE04EC0-301F-11D3-BF4B-00C04F79EFBC}") = "lb8_task_three", "lb8_task_three\lb8_task_three.csproj", "{D6DA87F3-A3D0-4892-9401-5E2AFC2AEE49}"
EndProject
Global
	GlobalSection(SolutionConfigurationPlatforms) = preSolution
		Debug|Any CPU = Debug|Any CPU
		Release|Any CPU = Release|Any CPU
	EndGlobalSection
	GlobalSection(ProjectConfigurationPlatforms) = postSolution
		{D6DA87F3-A3D0-4892-9401-5E2AFC2AEE49}.Debug|Any CPU.ActiveCfg = Debug|Any CPU
		{D6DA87F3-A3D0-4892-9401-5E2AFC2AEE49}.Debug|Any CPU.Build.0 = Debug|Any CPU
		{D6DA87F3-A3D0-4892-9401-5E2AFC2AEE49}.Release|Any CPU.ActiveCfg = Release|Any CPU
		{D6DA87F3-A3D0-4892-9401-5E2AFC2AEE49}.Release|Any CPU.Build.0 = Release|Any CPU
	EndGlobalSection
	GlobalSection(SolutionProperties) = preSolution
		HideSolutionNode = FALSE
	EndGlobalSection
	GlobalSection(ExtensibilityGlobals) = postSolution
		SolutionGuid = {E99D63D9-283D-4255-9E56-45C8C7A046A0}
	EndGlobalSection
EndGlobal
